// !$*UTF8*$!
{
	archiveVersion = 1;
	classes = {
	};
	objectVersion = 52;
	objects = {

/* Begin PBXBuildFile section */
		79126E5726C31F1900734556 /* Clibsodium in Frameworks */ = {isa = PBXBuildFile; productRef = 79126E5626C31F1900734556 /* Clibsodium */; };
		79126E5926C31F1900734556 /* Sodium in Frameworks */ = {isa = PBXBuildFile; productRef = 79126E5826C31F1900734556 /* Sodium */; };
		79398173242941C900000BFE /* ScanViewController.swift in Sources */ = {isa = PBXBuildFile; fileRef = 79398172242941C900000BFE /* ScanViewController.swift */; };
		7943633E26D83D4B00195D65 /* HelpSlide.xib in Resources */ = {isa = PBXBuildFile; fileRef = 7943633D26D83D4B00195D65 /* HelpSlide.xib */; };
		7943634026D83DBC00195D65 /* HelpSlide.swift in Sources */ = {isa = PBXBuildFile; fileRef = 7943633F26D83DBC00195D65 /* HelpSlide.swift */; };
		7943634226D842E400195D65 /* HelpViewController.swift in Sources */ = {isa = PBXBuildFile; fileRef = 7943634126D842E400195D65 /* HelpViewController.swift */; };
		79A8A6CD22E659CA00F09A79 /* AppDelegate.swift in Sources */ = {isa = PBXBuildFile; fileRef = 79A8A6CC22E659CA00F09A79 /* AppDelegate.swift */; };
		79A8A6D222E659CA00F09A79 /* Main.storyboard in Resources */ = {isa = PBXBuildFile; fileRef = 79A8A6D022E659CA00F09A79 /* Main.storyboard */; };
		79A8A6D422E659CC00F09A79 /* Assets.xcassets in Resources */ = {isa = PBXBuildFile; fileRef = 79A8A6D322E659CC00F09A79 /* Assets.xcassets */; };
		79A8A6D722E659CC00F09A79 /* LaunchScreen.storyboard in Resources */ = {isa = PBXBuildFile; fileRef = 79A8A6D522E659CC00F09A79 /* LaunchScreen.storyboard */; };
		79A8A6E222E659CC00F09A79 /* KonnexTests.swift in Sources */ = {isa = PBXBuildFile; fileRef = 79A8A6E122E659CC00F09A79 /* KonnexTests.swift */; };
		79A8A6ED22E659CC00F09A79 /* KonnexUITests.swift in Sources */ = {isa = PBXBuildFile; fileRef = 79A8A6EC22E659CC00F09A79 /* KonnexUITests.swift */; };
		79AC62F7242FAA2400356983 /* UnitViewController.swift in Sources */ = {isa = PBXBuildFile; fileRef = 79AC62F6242FAA2400356983 /* UnitViewController.swift */; };
		79AC62F9242FBC9000356983 /* TabBarController.swift in Sources */ = {isa = PBXBuildFile; fileRef = 79AC62F8242FBC9000356983 /* TabBarController.swift */; };
		79CB9AF223F0C13B005295CA /* GatewayViewController.swift in Sources */ = {isa = PBXBuildFile; fileRef = 79CB9AF123F0C13B005295CA /* GatewayViewController.swift */; };
		79D026EC26C4304000DE9814 /* SiteTableViewController.swift in Sources */ = {isa = PBXBuildFile; fileRef = 79D026EB26C4304000DE9814 /* SiteTableViewController.swift */; };
		79E1CD3E22F1DFE200BEE62D /* UcBle.swift in Sources */ = {isa = PBXBuildFile; fileRef = 79E1CD3D22F1DFE200BEE62D /* UcBle.swift */; };
		79E1CD4022F21EF000BEE62D /* UcUtils.swift in Sources */ = {isa = PBXBuildFile; fileRef = 79E1CD3F22F21EF000BEE62D /* UcUtils.swift */; };
		79E1CD4522F2219D00BEE62D /* Z85.swift in Sources */ = {isa = PBXBuildFile; fileRef = 79E1CD4122F2219C00BEE62D /* Z85.swift */; };
		79E1CD4622F2219D00BEE62D /* CBOR.swift in Sources */ = {isa = PBXBuildFile; fileRef = 79E1CD4222F2219C00BEE62D /* CBOR.swift */; };
		79E1CD4722F2219D00BEE62D /* COBS.swift in Sources */ = {isa = PBXBuildFile; fileRef = 79E1CD4322F2219D00BEE62D /* COBS.swift */; };
		79E1CD4822F2219D00BEE62D /* CRC32C.swift in Sources */ = {isa = PBXBuildFile; fileRef = 79E1CD4422F2219D00BEE62D /* CRC32C.swift */; };
		79E1CD4A22F2259500BEE62D /* UcLogger.swift in Sources */ = {isa = PBXBuildFile; fileRef = 79E1CD4922F2259500BEE62D /* UcLogger.swift */; };
/* End PBXBuildFile section */

/* Begin PBXContainerItemProxy section */
		79A8A6DE22E659CC00F09A79 /* PBXContainerItemProxy */ = {
			isa = PBXContainerItemProxy;
			containerPortal = 79A8A6C122E659CA00F09A79 /* Project object */;
			proxyType = 1;
			remoteGlobalIDString = 79A8A6C822E659CA00F09A79;
			remoteInfo = Konnex;
		};
		79A8A6E922E659CC00F09A79 /* PBXContainerItemProxy */ = {
			isa = PBXContainerItemProxy;
			containerPortal = 79A8A6C122E659CA00F09A79 /* Project object */;
			proxyType = 1;
			remoteGlobalIDString = 79A8A6C822E659CA00F09A79;
			remoteInfo = Konnex;
		};
/* End PBXContainerItemProxy section */

/* Begin PBXFileReference section */
		79398172242941C900000BFE /* ScanViewController.swift */ = {isa = PBXFileReference; lastKnownFileType = sourcecode.swift; path = ScanViewController.swift; sourceTree = "<group>"; };
		7943633D26D83D4B00195D65 /* HelpSlide.xib */ = {isa = PBXFileReference; lastKnownFileType = file.xib; path = HelpSlide.xib; sourceTree = "<group>"; };
		7943633F26D83DBC00195D65 /* HelpSlide.swift */ = {isa = PBXFileReference; lastKnownFileType = sourcecode.swift; path = HelpSlide.swift; sourceTree = "<group>"; };
		7943634126D842E400195D65 /* HelpViewController.swift */ = {isa = PBXFileReference; lastKnownFileType = sourcecode.swift; path = HelpViewController.swift; sourceTree = "<group>"; };
		79A8A6C922E659CA00F09A79 /* Konnex-Manager.app */ = {isa = PBXFileReference; explicitFileType = wrapper.application; includeInIndex = 0; path = "Konnex-Manager.app"; sourceTree = BUILT_PRODUCTS_DIR; };
		79A8A6CC22E659CA00F09A79 /* AppDelegate.swift */ = {isa = PBXFileReference; lastKnownFileType = sourcecode.swift; path = AppDelegate.swift; sourceTree = "<group>"; };
		79A8A6D122E659CA00F09A79 /* Base */ = {isa = PBXFileReference; lastKnownFileType = file.storyboard; name = Base; path = Base.lproj/Main.storyboard; sourceTree = "<group>"; };
		79A8A6D322E659CC00F09A79 /* Assets.xcassets */ = {isa = PBXFileReference; lastKnownFileType = folder.assetcatalog; path = Assets.xcassets; sourceTree = "<group>"; };
		79A8A6D622E659CC00F09A79 /* Base */ = {isa = PBXFileReference; lastKnownFileType = file.storyboard; name = Base; path = Base.lproj/LaunchScreen.storyboard; sourceTree = "<group>"; };
		79A8A6D822E659CC00F09A79 /* Info.plist */ = {isa = PBXFileReference; lastKnownFileType = text.plist.xml; path = Info.plist; sourceTree = "<group>"; };
		79A8A6DD22E659CC00F09A79 /* Konnex-ManagerTests.xctest */ = {isa = PBXFileReference; explicitFileType = wrapper.cfbundle; includeInIndex = 0; path = "Konnex-ManagerTests.xctest"; sourceTree = BUILT_PRODUCTS_DIR; };
		79A8A6E122E659CC00F09A79 /* KonnexTests.swift */ = {isa = PBXFileReference; lastKnownFileType = sourcecode.swift; path = KonnexTests.swift; sourceTree = "<group>"; };
		79A8A6E322E659CC00F09A79 /* Info.plist */ = {isa = PBXFileReference; lastKnownFileType = text.plist.xml; path = Info.plist; sourceTree = "<group>"; };
		79A8A6E822E659CC00F09A79 /* Konnex-ManagerUITests.xctest */ = {isa = PBXFileReference; explicitFileType = wrapper.cfbundle; includeInIndex = 0; path = "Konnex-ManagerUITests.xctest"; sourceTree = BUILT_PRODUCTS_DIR; };
		79A8A6EC22E659CC00F09A79 /* KonnexUITests.swift */ = {isa = PBXFileReference; lastKnownFileType = sourcecode.swift; path = KonnexUITests.swift; sourceTree = "<group>"; };
		79A8A6EE22E659CC00F09A79 /* Info.plist */ = {isa = PBXFileReference; lastKnownFileType = text.plist.xml; path = Info.plist; sourceTree = "<group>"; };
		79AC62F6242FAA2400356983 /* UnitViewController.swift */ = {isa = PBXFileReference; lastKnownFileType = sourcecode.swift; path = UnitViewController.swift; sourceTree = "<group>"; };
		79AC62F8242FBC9000356983 /* TabBarController.swift */ = {isa = PBXFileReference; lastKnownFileType = sourcecode.swift; path = TabBarController.swift; sourceTree = "<group>"; };
		79CB9AEE23E8B4C1005295CA /* Konnex.entitlements */ = {isa = PBXFileReference; lastKnownFileType = text.plist.entitlements; path = Konnex.entitlements; sourceTree = "<group>"; };
		79CB9AF123F0C13B005295CA /* GatewayViewController.swift */ = {isa = PBXFileReference; lastKnownFileType = sourcecode.swift; path = GatewayViewController.swift; sourceTree = "<group>"; };
		79D026EB26C4304000DE9814 /* SiteTableViewController.swift */ = {isa = PBXFileReference; lastKnownFileType = sourcecode.swift; path = SiteTableViewController.swift; sourceTree = "<group>"; };
		79E1CD3D22F1DFE200BEE62D /* UcBle.swift */ = {isa = PBXFileReference; lastKnownFileType = sourcecode.swift; path = UcBle.swift; sourceTree = "<group>"; };
		79E1CD3F22F21EF000BEE62D /* UcUtils.swift */ = {isa = PBXFileReference; lastKnownFileType = sourcecode.swift; path = UcUtils.swift; sourceTree = "<group>"; };
		79E1CD4122F2219C00BEE62D /* Z85.swift */ = {isa = PBXFileReference; fileEncoding = 4; lastKnownFileType = sourcecode.swift; path = Z85.swift; sourceTree = "<group>"; };
		79E1CD4222F2219C00BEE62D /* CBOR.swift */ = {isa = PBXFileReference; fileEncoding = 4; lastKnownFileType = sourcecode.swift; path = CBOR.swift; sourceTree = "<group>"; };
		79E1CD4322F2219D00BEE62D /* COBS.swift */ = {isa = PBXFileReference; fileEncoding = 4; lastKnownFileType = sourcecode.swift; path = COBS.swift; sourceTree = "<group>"; };
		79E1CD4422F2219D00BEE62D /* CRC32C.swift */ = {isa = PBXFileReference; fileEncoding = 4; lastKnownFileType = sourcecode.swift; path = CRC32C.swift; sourceTree = "<group>"; };
		79E1CD4922F2259500BEE62D /* UcLogger.swift */ = {isa = PBXFileReference; fileEncoding = 4; lastKnownFileType = sourcecode.swift; path = UcLogger.swift; sourceTree = "<group>"; };
/* End PBXFileReference section */

/* Begin PBXFrameworksBuildPhase section */
		79A8A6C622E659CA00F09A79 /* Frameworks */ = {
			isa = PBXFrameworksBuildPhase;
			buildActionMask = 2147483647;
			files = (
				79126E5726C31F1900734556 /* Clibsodium in Frameworks */,
				79126E5926C31F1900734556 /* Sodium in Frameworks */,
			);
			runOnlyForDeploymentPostprocessing = 0;
		};
		79A8A6DA22E659CC00F09A79 /* Frameworks */ = {
			isa = PBXFrameworksBuildPhase;
			buildActionMask = 2147483647;
			files = (
			);
			runOnlyForDeploymentPostprocessing = 0;
		};
		79A8A6E522E659CC00F09A79 /* Frameworks */ = {
			isa = PBXFrameworksBuildPhase;
			buildActionMask = 2147483647;
			files = (
			);
			runOnlyForDeploymentPostprocessing = 0;
		};
/* End PBXFrameworksBuildPhase section */

/* Begin PBXGroup section */
		79A8A6C022E659CA00F09A79 = {
			isa = PBXGroup;
			children = (
				79A8A6CB22E659CA00F09A79 /* Konnex-Manager */,
				79A8A6E022E659CC00F09A79 /* Konnex-ManagerTests */,
				79A8A6EB22E659CC00F09A79 /* Konnex-ManagerUITests */,
				79A8A6CA22E659CA00F09A79 /* Products */,
			);
			sourceTree = "<group>";
		};
		79A8A6CA22E659CA00F09A79 /* Products */ = {
			isa = PBXGroup;
			children = (
				79A8A6C922E659CA00F09A79 /* Konnex-Manager.app */,
				79A8A6DD22E659CC00F09A79 /* Konnex-ManagerTests.xctest */,
				79A8A6E822E659CC00F09A79 /* Konnex-ManagerUITests.xctest */,
			);
			name = Products;
			sourceTree = "<group>";
		};
		79A8A6CB22E659CA00F09A79 /* Konnex-Manager */ = {
			isa = PBXGroup;
			children = (
				79CB9AEE23E8B4C1005295CA /* Konnex.entitlements */,
				79E1CD4922F2259500BEE62D /* UcLogger.swift */,
				79E1CD4222F2219C00BEE62D /* CBOR.swift */,
				79E1CD4322F2219D00BEE62D /* COBS.swift */,
				79E1CD4422F2219D00BEE62D /* CRC32C.swift */,
				79E1CD4122F2219C00BEE62D /* Z85.swift */,
				79A8A6CC22E659CA00F09A79 /* AppDelegate.swift */,
				79A8A6D022E659CA00F09A79 /* Main.storyboard */,
				7943634126D842E400195D65 /* HelpViewController.swift */,
				79A8A6D322E659CC00F09A79 /* Assets.xcassets */,
				79A8A6D522E659CC00F09A79 /* LaunchScreen.storyboard */,
				79A8A6D822E659CC00F09A79 /* Info.plist */,
				79E1CD3D22F1DFE200BEE62D /* UcBle.swift */,
				79E1CD3F22F21EF000BEE62D /* UcUtils.swift */,
				79CB9AF123F0C13B005295CA /* GatewayViewController.swift */,
				79398172242941C900000BFE /* ScanViewController.swift */,
				79AC62F6242FAA2400356983 /* UnitViewController.swift */,
				79AC62F8242FBC9000356983 /* TabBarController.swift */,
				79D026EB26C4304000DE9814 /* SiteTableViewController.swift */,
				7943633D26D83D4B00195D65 /* HelpSlide.xib */,
				7943633F26D83DBC00195D65 /* HelpSlide.swift */,
			);
			path = "Konnex-Manager";
			sourceTree = "<group>";
		};
		79A8A6E022E659CC00F09A79 /* Konnex-ManagerTests */ = {
			isa = PBXGroup;
			children = (
				79A8A6E122E659CC00F09A79 /* KonnexTests.swift */,
				79A8A6E322E659CC00F09A79 /* Info.plist */,
			);
			path = "Konnex-ManagerTests";
			sourceTree = "<group>";
		};
		79A8A6EB22E659CC00F09A79 /* Konnex-ManagerUITests */ = {
			isa = PBXGroup;
			children = (
				79A8A6EC22E659CC00F09A79 /* KonnexUITests.swift */,
				79A8A6EE22E659CC00F09A79 /* Info.plist */,
			);
			path = "Konnex-ManagerUITests";
			sourceTree = "<group>";
		};
/* End PBXGroup section */

/* Begin PBXNativeTarget section */
		79A8A6C822E659CA00F09A79 /* Konnex-Manager */ = {
			isa = PBXNativeTarget;
			buildConfigurationList = 79A8A6F122E659CC00F09A79 /* Build configuration list for PBXNativeTarget "Konnex-Manager" */;
			buildPhases = (
				79A8A6C522E659CA00F09A79 /* Sources */,
				79A8A6C622E659CA00F09A79 /* Frameworks */,
				79A8A6C722E659CA00F09A79 /* Resources */,
			);
			buildRules = (
			);
			dependencies = (
			);
			name = "Konnex-Manager";
			packageProductDependencies = (
				79126E5626C31F1900734556 /* Clibsodium */,
				79126E5826C31F1900734556 /* Sodium */,
			);
			productName = Konnex;
			productReference = 79A8A6C922E659CA00F09A79 /* Konnex-Manager.app */;
			productType = "com.apple.product-type.application";
		};
		79A8A6DC22E659CC00F09A79 /* Konnex-ManagerTests */ = {
			isa = PBXNativeTarget;
			buildConfigurationList = 79A8A6F422E659CC00F09A79 /* Build configuration list for PBXNativeTarget "Konnex-ManagerTests" */;
			buildPhases = (
				79A8A6D922E659CC00F09A79 /* Sources */,
				79A8A6DA22E659CC00F09A79 /* Frameworks */,
				79A8A6DB22E659CC00F09A79 /* Resources */,
			);
			buildRules = (
			);
			dependencies = (
				79A8A6DF22E659CC00F09A79 /* PBXTargetDependency */,
			);
			name = "Konnex-ManagerTests";
			productName = KonnexTests;
			productReference = 79A8A6DD22E659CC00F09A79 /* Konnex-ManagerTests.xctest */;
			productType = "com.apple.product-type.bundle.unit-test";
		};
		79A8A6E722E659CC00F09A79 /* Konnex-ManagerUITests */ = {
			isa = PBXNativeTarget;
			buildConfigurationList = 79A8A6F722E659CC00F09A79 /* Build configuration list for PBXNativeTarget "Konnex-ManagerUITests" */;
			buildPhases = (
				79A8A6E422E659CC00F09A79 /* Sources */,
				79A8A6E522E659CC00F09A79 /* Frameworks */,
				79A8A6E622E659CC00F09A79 /* Resources */,
			);
			buildRules = (
			);
			dependencies = (
				79A8A6EA22E659CC00F09A79 /* PBXTargetDependency */,
			);
			name = "Konnex-ManagerUITests";
			productName = KonnexUITests;
			productReference = 79A8A6E822E659CC00F09A79 /* Konnex-ManagerUITests.xctest */;
			productType = "com.apple.product-type.bundle.ui-testing";
		};
/* End PBXNativeTarget section */

/* Begin PBXProject section */
		79A8A6C122E659CA00F09A79 /* Project object */ = {
			isa = PBXProject;
			attributes = {
				LastSwiftUpdateCheck = 1030;
				LastUpgradeCheck = 1250;
				ORGANIZATIONNAME = "Unit Circle Inc.";
				TargetAttributes = {
					79A8A6C822E659CA00F09A79 = {
						CreatedOnToolsVersion = 10.3;
					};
					79A8A6DC22E659CC00F09A79 = {
						CreatedOnToolsVersion = 10.3;
						TestTargetID = 79A8A6C822E659CA00F09A79;
					};
					79A8A6E722E659CC00F09A79 = {
						CreatedOnToolsVersion = 10.3;
						TestTargetID = 79A8A6C822E659CA00F09A79;
					};
				};
			};
			buildConfigurationList = 79A8A6C422E659CA00F09A79 /* Build configuration list for PBXProject "Konnex-Manager" */;
			compatibilityVersion = "Xcode 9.3";
			developmentRegion = en;
			hasScannedForEncodings = 0;
			knownRegions = (
				en,
				Base,
			);
			mainGroup = 79A8A6C022E659CA00F09A79;
			packageReferences = (
				79126E5526C31F1900734556 /* XCRemoteSwiftPackageReference "swift-sodium" */,
			);
			productRefGroup = 79A8A6CA22E659CA00F09A79 /* Products */;
			projectDirPath = "";
			projectRoot = "";
			targets = (
				79A8A6C822E659CA00F09A79 /* Konnex-Manager */,
				79A8A6DC22E659CC00F09A79 /* Konnex-ManagerTests */,
				79A8A6E722E659CC00F09A79 /* Konnex-ManagerUITests */,
			);
		};
/* End PBXProject section */

/* Begin PBXResourcesBuildPhase section */
		79A8A6C722E659CA00F09A79 /* Resources */ = {
			isa = PBXResourcesBuildPhase;
			buildActionMask = 2147483647;
			files = (
				7943633E26D83D4B00195D65 /* HelpSlide.xib in Resources */,
				79A8A6D722E659CC00F09A79 /* LaunchScreen.storyboard in Resources */,
				79A8A6D422E659CC00F09A79 /* Assets.xcassets in Resources */,
				79A8A6D222E659CA00F09A79 /* Main.storyboard in Resources */,
			);
			runOnlyForDeploymentPostprocessing = 0;
		};
		79A8A6DB22E659CC00F09A79 /* Resources */ = {
			isa = PBXResourcesBuildPhase;
			buildActionMask = 2147483647;
			files = (
			);
			runOnlyForDeploymentPostprocessing = 0;
		};
		79A8A6E622E659CC00F09A79 /* Resources */ = {
			isa = PBXResourcesBuildPhase;
			buildActionMask = 2147483647;
			files = (
			);
			runOnlyForDeploymentPostprocessing = 0;
		};
/* End PBXResourcesBuildPhase section */

/* Begin PBXSourcesBuildPhase section */
		79A8A6C522E659CA00F09A79 /* Sources */ = {
			isa = PBXSourcesBuildPhase;
			buildActionMask = 2147483647;
			files = (
				79E1CD4522F2219D00BEE62D /* Z85.swift in Sources */,
				79E1CD4722F2219D00BEE62D /* COBS.swift in Sources */,
				79E1CD4022F21EF000BEE62D /* UcUtils.swift in Sources */,
				79AC62F9242FBC9000356983 /* TabBarController.swift in Sources */,
				79E1CD4622F2219D00BEE62D /* CBOR.swift in Sources */,
				79A8A6CD22E659CA00F09A79 /* AppDelegate.swift in Sources */,
				79E1CD4A22F2259500BEE62D /* UcLogger.swift in Sources */,
				79D026EC26C4304000DE9814 /* SiteTableViewController.swift in Sources */,
				7943634026D83DBC00195D65 /* HelpSlide.swift in Sources */,
				79E1CD3E22F1DFE200BEE62D /* UcBle.swift in Sources */,
				79CB9AF223F0C13B005295CA /* GatewayViewController.swift in Sources */,
				79E1CD4822F2219D00BEE62D /* CRC32C.swift in Sources */,
				79AC62F7242FAA2400356983 /* UnitViewController.swift in Sources */,
				79398173242941C900000BFE /* ScanViewController.swift in Sources */,
				7943634226D842E400195D65 /* HelpViewController.swift in Sources */,
			);
			runOnlyForDeploymentPostprocessing = 0;
		};
		79A8A6D922E659CC00F09A79 /* Sources */ = {
			isa = PBXSourcesBuildPhase;
			buildActionMask = 2147483647;
			files = (
				79A8A6E222E659CC00F09A79 /* KonnexTests.swift in Sources */,
			);
			runOnlyForDeploymentPostprocessing = 0;
		};
		79A8A6E422E659CC00F09A79 /* Sources */ = {
			isa = PBXSourcesBuildPhase;
			buildActionMask = 2147483647;
			files = (
				79A8A6ED22E659CC00F09A79 /* KonnexUITests.swift in Sources */,
			);
			runOnlyForDeploymentPostprocessing = 0;
		};
/* End PBXSourcesBuildPhase section */

/* Begin PBXTargetDependency section */
		79A8A6DF22E659CC00F09A79 /* PBXTargetDependency */ = {
			isa = PBXTargetDependency;
			target = 79A8A6C822E659CA00F09A79 /* Konnex-Manager */;
			targetProxy = 79A8A6DE22E659CC00F09A79 /* PBXContainerItemProxy */;
		};
		79A8A6EA22E659CC00F09A79 /* PBXTargetDependency */ = {
			isa = PBXTargetDependency;
			target = 79A8A6C822E659CA00F09A79 /* Konnex-Manager */;
			targetProxy = 79A8A6E922E659CC00F09A79 /* PBXContainerItemProxy */;
		};
/* End PBXTargetDependency section */

/* Begin PBXVariantGroup section */
		79A8A6D022E659CA00F09A79 /* Main.storyboard */ = {
			isa = PBXVariantGroup;
			children = (
				79A8A6D122E659CA00F09A79 /* Base */,
			);
			name = Main.storyboard;
			sourceTree = "<group>";
		};
		79A8A6D522E659CC00F09A79 /* LaunchScreen.storyboard */ = {
			isa = PBXVariantGroup;
			children = (
				79A8A6D622E659CC00F09A79 /* Base */,
			);
			name = LaunchScreen.storyboard;
			sourceTree = "<group>";
		};
/* End PBXVariantGroup section */

/* Begin XCBuildConfiguration section */
		79A8A6EF22E659CC00F09A79 /* Debug */ = {
			isa = XCBuildConfiguration;
			buildSettings = {
				ALWAYS_SEARCH_USER_PATHS = NO;
				CLANG_ANALYZER_NONNULL = YES;
				CLANG_ANALYZER_NUMBER_OBJECT_CONVERSION = YES_AGGRESSIVE;
				CLANG_CXX_LANGUAGE_STANDARD = "gnu++14";
				CLANG_CXX_LIBRARY = "libc++";
				CLANG_ENABLE_MODULES = YES;
				CLANG_ENABLE_OBJC_ARC = YES;
				CLANG_ENABLE_OBJC_WEAK = YES;
				CLANG_WARN_BLOCK_CAPTURE_AUTORELEASING = YES;
				CLANG_WARN_BOOL_CONVERSION = YES;
				CLANG_WARN_COMMA = YES;
				CLANG_WARN_CONSTANT_CONVERSION = YES;
				CLANG_WARN_DEPRECATED_OBJC_IMPLEMENTATIONS = YES;
				CLANG_WARN_DIRECT_OBJC_ISA_USAGE = YES_ERROR;
				CLANG_WARN_DOCUMENTATION_COMMENTS = YES;
				CLANG_WARN_EMPTY_BODY = YES;
				CLANG_WARN_ENUM_CONVERSION = YES;
				CLANG_WARN_INFINITE_RECURSION = YES;
				CLANG_WARN_INT_CONVERSION = YES;
				CLANG_WARN_NON_LITERAL_NULL_CONVERSION = YES;
				CLANG_WARN_OBJC_IMPLICIT_RETAIN_SELF = YES;
				CLANG_WARN_OBJC_LITERAL_CONVERSION = YES;
				CLANG_WARN_OBJC_ROOT_CLASS = YES_ERROR;
				CLANG_WARN_QUOTED_INCLUDE_IN_FRAMEWORK_HEADER = YES;
				CLANG_WARN_RANGE_LOOP_ANALYSIS = YES;
				CLANG_WARN_STRICT_PROTOTYPES = YES;
				CLANG_WARN_SUSPICIOUS_MOVE = YES;
				CLANG_WARN_UNGUARDED_AVAILABILITY = YES_AGGRESSIVE;
				CLANG_WARN_UNREACHABLE_CODE = YES;
				CLANG_WARN__DUPLICATE_METHOD_MATCH = YES;
				CODE_SIGN_IDENTITY = "iPhone Developer";
				COPY_PHASE_STRIP = NO;
				DEBUG_INFORMATION_FORMAT = dwarf;
				ENABLE_STRICT_OBJC_MSGSEND = YES;
				ENABLE_TESTABILITY = YES;
				GCC_C_LANGUAGE_STANDARD = gnu11;
				GCC_DYNAMIC_NO_PIC = NO;
				GCC_NO_COMMON_BLOCKS = YES;
				GCC_OPTIMIZATION_LEVEL = 0;
				GCC_PREPROCESSOR_DEFINITIONS = (
					"DEBUG=1",
					"$(inherited)",
				);
				GCC_WARN_64_TO_32_BIT_CONVERSION = YES;
				GCC_WARN_ABOUT_RETURN_TYPE = YES_ERROR;
				GCC_WARN_UNDECLARED_SELECTOR = YES;
				GCC_WARN_UNINITIALIZED_AUTOS = YES_AGGRESSIVE;
				GCC_WARN_UNUSED_FUNCTION = YES;
				GCC_WARN_UNUSED_VARIABLE = YES;
				IPHONEOS_DEPLOYMENT_TARGET = 14.1;
				MTL_ENABLE_DEBUG_INFO = INCLUDE_SOURCE;
				MTL_FAST_MATH = YES;
				ONLY_ACTIVE_ARCH = YES;
				SDKROOT = iphoneos;
				SWIFT_ACTIVE_COMPILATION_CONDITIONS = DEBUG;
				SWIFT_OPTIMIZATION_LEVEL = "-Onone";
			};
			name = Debug;
		};
		79A8A6F022E659CC00F09A79 /* Release */ = {
			isa = XCBuildConfiguration;
			buildSettings = {
				ALWAYS_SEARCH_USER_PATHS = NO;
				CLANG_ANALYZER_NONNULL = YES;
				CLANG_ANALYZER_NUMBER_OBJECT_CONVERSION = YES_AGGRESSIVE;
				CLANG_CXX_LANGUAGE_STANDARD = "gnu++14";
				CLANG_CXX_LIBRARY = "libc++";
				CLANG_ENABLE_MODULES = YES;
				CLANG_ENABLE_OBJC_ARC = YES;
				CLANG_ENABLE_OBJC_WEAK = YES;
				CLANG_WARN_BLOCK_CAPTURE_AUTORELEASING = YES;
				CLANG_WARN_BOOL_CONVERSION = YES;
				CLANG_WARN_COMMA = YES;
				CLANG_WARN_CONSTANT_CONVERSION = YES;
				CLANG_WARN_DEPRECATED_OBJC_IMPLEMENTATIONS = YES;
				CLANG_WARN_DIRECT_OBJC_ISA_USAGE = YES_ERROR;
				CLANG_WARN_DOCUMENTATION_COMMENTS = YES;
				CLANG_WARN_EMPTY_BODY = YES;
				CLANG_WARN_ENUM_CONVERSION = YES;
				CLANG_WARN_INFINITE_RECURSION = YES;
				CLANG_WARN_INT_CONVERSION = YES;
				CLANG_WARN_NON_LITERAL_NULL_CONVERSION = YES;
				CLANG_WARN_OBJC_IMPLICIT_RETAIN_SELF = YES;
				CLANG_WARN_OBJC_LITERAL_CONVERSION = YES;
				CLANG_WARN_OBJC_ROOT_CLASS = YES_ERROR;
				CLANG_WARN_QUOTED_INCLUDE_IN_FRAMEWORK_HEADER = YES;
				CLANG_WARN_RANGE_LOOP_ANALYSIS = YES;
				CLANG_WARN_STRICT_PROTOTYPES = YES;
				CLANG_WARN_SUSPICIOUS_MOVE = YES;
				CLANG_WARN_UNGUARDED_AVAILABILITY = YES_AGGRESSIVE;
				CLANG_WARN_UNREACHABLE_CODE = YES;
				CLANG_WARN__DUPLICATE_METHOD_MATCH = YES;
				CODE_SIGN_IDENTITY = "iPhone Developer";
				COPY_PHASE_STRIP = NO;
				DEBUG_INFORMATION_FORMAT = "dwarf-with-dsym";
				ENABLE_NS_ASSERTIONS = NO;
				ENABLE_STRICT_OBJC_MSGSEND = YES;
				GCC_C_LANGUAGE_STANDARD = gnu11;
				GCC_NO_COMMON_BLOCKS = YES;
				GCC_WARN_64_TO_32_BIT_CONVERSION = YES;
				GCC_WARN_ABOUT_RETURN_TYPE = YES_ERROR;
				GCC_WARN_UNDECLARED_SELECTOR = YES;
				GCC_WARN_UNINITIALIZED_AUTOS = YES_AGGRESSIVE;
				GCC_WARN_UNUSED_FUNCTION = YES;
				GCC_WARN_UNUSED_VARIABLE = YES;
				IPHONEOS_DEPLOYMENT_TARGET = 14.1;
				MTL_ENABLE_DEBUG_INFO = NO;
				MTL_FAST_MATH = YES;
				SDKROOT = iphoneos;
				SWIFT_COMPILATION_MODE = wholemodule;
				SWIFT_OPTIMIZATION_LEVEL = "-O";
				VALIDATE_PRODUCT = YES;
			};
			name = Release;
		};
		79A8A6F222E659CC00F09A79 /* Debug */ = {
			isa = XCBuildConfiguration;
			buildSettings = {
				ASSETCATALOG_COMPILER_APPICON_NAME = AppIcon;
				CODE_SIGN_ENTITLEMENTS = "Konnex-Manager/Konnex.entitlements";
				CODE_SIGN_STYLE = Automatic;
				CURRENT_PROJECT_VERSION = 5;
				DEVELOPMENT_TEAM = Q9H42435FT;
				FRAMEWORK_SEARCH_PATHS = (
					"$(inherited)",
					"$(PROJECT_DIR)",
				);
				INFOPLIST_FILE = "Konnex-Manager/Info.plist";
				IPHONEOS_DEPLOYMENT_TARGET = 14.1;
				LD_RUNPATH_SEARCH_PATHS = (
					"$(inherited)",
					"@executable_path/Frameworks",
				);
				LIBRARY_SEARCH_PATHS = "$(inherited)";
				PRODUCT_BUNDLE_IDENTIFIER = com.konnexenterprises.Manager;
				PRODUCT_NAME = "$(TARGET_NAME)";
				SWIFT_INCLUDE_PATHS = "";
				SWIFT_VERSION = 5.0;
				TARGETED_DEVICE_FAMILY = "1,2";
			};
			name = Debug;
		};
		79A8A6F322E659CC00F09A79 /* Release */ = {
			isa = XCBuildConfiguration;
			buildSettings = {
				ASSETCATALOG_COMPILER_APPICON_NAME = AppIcon;
				CODE_SIGN_ENTITLEMENTS = "Konnex-Manager/Konnex.entitlements";
				CODE_SIGN_STYLE = Automatic;
				CURRENT_PROJECT_VERSION = 5;
				DEVELOPMENT_TEAM = Q9H42435FT;
				FRAMEWORK_SEARCH_PATHS = (
					"$(inherited)",
					"$(PROJECT_DIR)",
				);
				INFOPLIST_FILE = "Konnex-Manager/Info.plist";
				IPHONEOS_DEPLOYMENT_TARGET = 14.1;
				LD_RUNPATH_SEARCH_PATHS = (
					"$(inherited)",
					"@executable_path/Frameworks",
				);
				LIBRARY_SEARCH_PATHS = "$(inherited)";
				PRODUCT_BUNDLE_IDENTIFIER = com.konnexenterprises.Manager;
				PRODUCT_NAME = "$(TARGET_NAME)";
				SWIFT_INCLUDE_PATHS = "";
				SWIFT_VERSION = 5.0;
				TARGETED_DEVICE_FAMILY = "1,2";
			};
			name = Release;
		};
		79A8A6F522E659CC00F09A79 /* Debug */ = {
			isa = XCBuildConfiguration;
			buildSettings = {
				ALWAYS_EMBED_SWIFT_STANDARD_LIBRARIES = YES;
				BUNDLE_LOADER = "$(TEST_HOST)";
				CODE_SIGN_STYLE = Automatic;
				DEVELOPMENT_TEAM = 6CQYR849L3;
				INFOPLIST_FILE = KonnexTests/Info.plist;
				LD_RUNPATH_SEARCH_PATHS = (
					"$(inherited)",
					"@executable_path/Frameworks",
					"@loader_path/Frameworks",
				);
				PRODUCT_BUNDLE_IDENTIFIER = ca.unitcircle.KonnexTests;
				PRODUCT_NAME = "$(TARGET_NAME)";
				SWIFT_VERSION = 5.0;
				TARGETED_DEVICE_FAMILY = "1,2";
				TEST_HOST = "$(BUILT_PRODUCTS_DIR)/Konnex-Manager.app/Konnex-Manager";
			};
			name = Debug;
		};
		79A8A6F622E659CC00F09A79 /* Release */ = {
			isa = XCBuildConfiguration;
			buildSettings = {
				ALWAYS_EMBED_SWIFT_STANDARD_LIBRARIES = YES;
				BUNDLE_LOADER = "$(TEST_HOST)";
				CODE_SIGN_STYLE = Automatic;
				DEVELOPMENT_TEAM = 6CQYR849L3;
				INFOPLIST_FILE = KonnexTests/Info.plist;
				LD_RUNPATH_SEARCH_PATHS = (
					"$(inherited)",
					"@executable_path/Frameworks",
					"@loader_path/Frameworks",
				);
				PRODUCT_BUNDLE_IDENTIFIER = ca.unitcircle.KonnexTests;
				PRODUCT_NAME = "$(TARGET_NAME)";
				SWIFT_VERSION = 5.0;
				TARGETED_DEVICE_FAMILY = "1,2";
				TEST_HOST = "$(BUILT_PRODUCTS_DIR)/Konnex-Manager.app/Konnex-Manager";
			};
			name = Release;
		};
		79A8A6F822E659CC00F09A79 /* Debug */ = {
			isa = XCBuildConfiguration;
			buildSettings = {
				ALWAYS_EMBED_SWIFT_STANDARD_LIBRARIES = "$(inherited)";
				CODE_SIGN_STYLE = Automatic;
				DEVELOPMENT_TEAM = 6CQYR849L3;
				INFOPLIST_FILE = KonnexUITests/Info.plist;
				LD_RUNPATH_SEARCH_PATHS = (
					"$(inherited)",
					"@executable_path/Frameworks",
					"@loader_path/Frameworks",
				);
				PRODUCT_BUNDLE_IDENTIFIER = ca.unitcircle.KonnexUITests;
				PRODUCT_NAME = "$(TARGET_NAME)";
				SWIFT_VERSION = 5.0;
				TARGETED_DEVICE_FAMILY = "1,2";
				TEST_TARGET_NAME = Konnex;
			};
			name = Debug;
		};
		79A8A6F922E659CC00F09A79 /* Release */ = {
			isa = XCBuildConfiguration;
			buildSettings = {
				ALWAYS_EMBED_SWIFT_STANDARD_LIBRARIES = "$(inherited)";
				CODE_SIGN_STYLE = Automatic;
				DEVELOPMENT_TEAM = 6CQYR849L3;
				INFOPLIST_FILE = KonnexUITests/Info.plist;
				LD_RUNPATH_SEARCH_PATHS = (
					"$(inherited)",
					"@executable_path/Frameworks",
					"@loader_path/Frameworks",
				);
				PRODUCT_BUNDLE_IDENTIFIER = ca.unitcircle.KonnexUITests;
				PRODUCT_NAME = "$(TARGET_NAME)";
				SWIFT_VERSION = 5.0;
				TARGETED_DEVICE_FAMILY = "1,2";
				TEST_TARGET_NAME = Konnex;
			};
			name = Release;
		};
/* End XCBuildConfiguration section */

/* Begin XCConfigurationList section */
		79A8A6C422E659CA00F09A79 /* Build configuration list for PBXProject "Konnex-Manager" */ = {
			isa = XCConfigurationList;
			buildConfigurations = (
				79A8A6EF22E659CC00F09A79 /* Debug */,
				79A8A6F022E659CC00F09A79 /* Release */,
			);
			defaultConfigurationIsVisible = 0;
			defaultConfigurationName = Release;
		};
		79A8A6F122E659CC00F09A79 /* Build configuration list for PBXNativeTarget "Konnex-Manager" */ = {
			isa = XCConfigurationList;
			buildConfigurations = (
				79A8A6F222E659CC00F09A79 /* Debug */,
				79A8A6F322E659CC00F09A79 /* Release */,
			);
			defaultConfigurationIsVisible = 0;
			defaultConfigurationName = Release;
		};
		79A8A6F422E659CC00F09A79 /* Build configuration list for PBXNativeTarget "Konnex-ManagerTests" */ = {
			isa = XCConfigurationList;
			buildConfigurations = (
				79A8A6F522E659CC00F09A79 /* Debug */,
				79A8A6F622E659CC00F09A79 /* Release */,
			);
			defaultConfigurationIsVisible = 0;
			defaultConfigurationName = Release;
		};
		79A8A6F722E659CC00F09A79 /* Build configuration list for PBXNativeTarget "Konnex-ManagerUITests" */ = {
			isa = XCConfigurationList;
			buildConfigurations = (
				79A8A6F822E659CC00F09A79 /* Debug */,
				79A8A6F922E659CC00F09A79 /* Release */,
			);
			defaultConfigurationIsVisible = 0;
			defaultConfigurationName = Release;
		};
/* End XCConfigurationList section */

/* Begin XCRemoteSwiftPackageReference section */
		79126E5526C31F1900734556 /* XCRemoteSwiftPackageReference "swift-sodium" */ = {
			isa = XCRemoteSwiftPackageReference;
			repositoryURL = "https://github.com/jedisct1/swift-sodium.git";
			requirement = {
				kind = upToNextMajorVersion;
				minimumVersion = 0.9.1;
			};
		};
/* End XCRemoteSwiftPackageReference section */

/* Begin XCSwiftPackageProductDependency section */
		79126E5626C31F1900734556 /* Clibsodium */ = {
			isa = XCSwiftPackageProductDependency;
			package = 79126E5526C31F1900734556 /* XCRemoteSwiftPackageReference "swift-sodium" */;
			productName = Clibsodium;
		};
		79126E5826C31F1900734556 /* Sodium */ = {
			isa = XCSwiftPackageProductDependency;
			package = 79126E5526C31F1900734556 /* XCRemoteSwiftPackageReference "swift-sodium" */;
			productName = Sodium;
		};
/* End XCSwiftPackageProductDependency section */
	};
	rootObject = 79A8A6C122E659CA00F09A79 /* Project object */;
}
